
Microsoft Visual Studio Solution File, Format Version 12.00
# Visual Studio 15
Project("{FAE04EC0-301F-11D3-BF4B-00C04F79EFBC}") = "Geodaten.WebAPI", "Geodaten.WebAPI\Geodaten.WebAPI.csproj", "{4A6BA689-DE5D-45D3-BD8E-505E42F0BD68}"
EndProject
Project("{FAE04EC0-301F-11D3-BF4B-00C04F79EFBC}") = "Geodaten.Service", "Geodaten.Service\Geodaten.Service.csproj", "{E79A0334-02A0-47EC-B520-4A76C3C27AAF}"
EndProject
Project("{FAE04EC0-301F-11D3-BF4B-00C04F79EFBC}") = "Geodaten.Tests", "Geodaten.Tests\Geodaten.Tests.csproj", "{61C27264-1E1C-4C73-8F1A-34A36D8FBA36}"
EndProject
Project("{FAE04EC0-301F-11D3-BF4B-00C04F79EFBC}") = "Geodaten.Services", "Geodaten.Services\Geodaten.Services.csproj", "{4B3FEF34-B2D2-4548-A742-EA33DD66A92E}"
EndProject
Global
	GlobalSection(SolutionConfigurationPlatforms) = preSolution
		Debug|Any CPU = Debug|Any CPU
		Release|Any CPU = Release|Any CPU
	EndGlobalSection
	GlobalSection(ProjectConfigurationPlatforms) = postSolution
		{4A6BA689-DE5D-45D3-BD8E-505E42F0BD68}.Debug|Any CPU.ActiveCfg = Debug|Any CPU
		{4A6BA689-DE5D-45D3-BD8E-505E42F0BD68}.Debug|Any CPU.Build.0 = Debug|Any CPU
		{4A6BA689-DE5D-45D3-BD8E-505E42F0BD68}.Release|Any CPU.ActiveCfg = Release|Any CPU
		{4A6BA689-DE5D-45D3-BD8E-505E42F0BD68}.Release|Any CPU.Build.0 = Release|Any CPU
		{E79A0334-02A0-47EC-B520-4A76C3C27AAF}.Debug|Any CPU.ActiveCfg = Debug|Any CPU
		{E79A0334-02A0-47EC-B520-4A76C3C27AAF}.Debug|Any CPU.Build.0 = Debug|Any CPU
		{E79A0334-02A0-47EC-B520-4A76C3C27AAF}.Release|Any CPU.ActiveCfg = Release|Any CPU
		{E79A0334-02A0-47EC-B520-4A76C3C27AAF}.Release|Any CPU.Build.0 = Release|Any CPU
		{61C27264-1E1C-4C73-8F1A-34A36D8FBA36}.Debug|Any CPU.ActiveCfg = Debug|Any CPU
		{61C27264-1E1C-4C73-8F1A-34A36D8FBA36}.Debug|Any CPU.Build.0 = Debug|Any CPU
		{61C27264-1E1C-4C73-8F1A-34A36D8FBA36}.Release|Any CPU.ActiveCfg = Release|Any CPU
		{61C27264-1E1C-4C73-8F1A-34A36D8FBA36}.Release|Any CPU.Build.0 = Release|Any CPU
		{4B3FEF34-B2D2-4548-A742-EA33DD66A92E}.Debug|Any CPU.ActiveCfg = Debug|Any CPU
		{4B3FEF34-B2D2-4548-A742-EA33DD66A92E}.Debug|Any CPU.Build.0 = Debug|Any CPU
		{4B3FEF34-B2D2-4548-A742-EA33DD66A92E}.Release|Any CPU.ActiveCfg = Release|Any CPU
		{4B3FEF34-B2D2-4548-A742-EA33DD66A92E}.Release|Any CPU.Build.0 = Release|Any CPU
	EndGlobalSection
	GlobalSection(MonoDevelopProperties) = preSolution
		Policies = $0
		$0.VersionControlPolicy = $1
	EndGlobalSection
EndGlobal
